schema: '2.0'
stages:
  train_model:
    cmd: python src/pipeline.py
    deps:
    - path: data/raw/train.csv
      hash: md5
      md5: 2309cc5f04782ed9bb6016d9f4e381cf
      size: 61194
    - path: src/data_loader.py
      hash: md5
      md5: 4cc82a198bdf06c560ba65136f9d27f6
      size: 732
    - path: src/pipeline.py
      hash: md5
      md5: a8ba8983c8cfdacbc90ee6dde2d7632e
      size: 708
    - path: src/preprocessing.py
      hash: md5
      md5: 3d10fbaddfdc60f50a9efae0e9ef4b68
      size: 931
    - path: src/save_model.py
      hash: md5
      md5: 6c625794bbb6aaf263364fa003d09ce1
      size: 709
    - path: src/train_model.py
      hash: md5
      md5: 89f3a81715c72a14453576a83646bcb4
      size: 1289
    params:
      params.yaml:
        model.logistic_regression.max_iter: 1000
        model.random_forest.n_estimators: 100
        model.random_forest.random_state: 42
        model_output: models/predictor.pkl
    outs:
    - path: models/predictor.pkl
      hash: md5
      md5: 7d1e55650014e21b4568ed3e3d1fc531
      size: 4
